
Microsoft Visual Studio Solution File, Format Version 12.00
# Visual Studio Version 17
VisualStudioVersion = 17.0.31903.59
MinimumVisualStudioVersion = 10.0.40219.1
Project("{2150E333-8FDC-42A3-9474-1A3956D46DE8}") = "Solution Items", "Solution Items", "{93BD6F75-CECC-4A34-9B6F-570B24384A87}"
	ProjectSection(SolutionItems) = preProject
		.editorconfig = .editorconfig
		Directory.Build.props = Directory.Build.props
		src\Directory.Build.props = src\Directory.Build.props
		Directory.Packages.props = Directory.Packages.props
	EndProjectSection
EndProject
Project("{2150E333-8FDC-42A3-9474-1A3956D46DE8}") = "src", "src", "{7D218376-632D-4F81-AAB9-EFA3FFB2421C}"
EndProject
Project("{FAE04EC0-301F-11D3-BF4B-00C04F79EFBC}") = "Commands", "src\Commands\Commands.csproj", "{FEB81F3A-21C1-4891-9045-8B660A04D95B}"
EndProject
Project("{FAE04EC0-301F-11D3-BF4B-00C04F79EFBC}") = "Queries", "src\Queries\Queries.csproj", "{F164F573-B4A7-4C1A-AAC6-69255A721407}"
EndProject
Project("{FAE04EC0-301F-11D3-BF4B-00C04F79EFBC}") = "Core", "src\Core\Core.csproj", "{92BC4BF6-552A-4D33-8506-3EF0C3E78BDE}"
EndProject
Project("{2150E333-8FDC-42A3-9474-1A3956D46DE8}") = "tests", "tests", "{90B8FAC6-0208-485A-8855-9CCDCE9E9910}"
EndProject
Project("{2150E333-8FDC-42A3-9474-1A3956D46DE8}") = "unit", "unit", "{B5FE3571-61C5-4F2B-9515-710427F11D71}"
EndProject
Project("{2150E333-8FDC-42A3-9474-1A3956D46DE8}") = "Core", "Core", "{C4E09AB4-D69F-4C54-AF24-A8065A00E508}"
EndProject
Project("{2150E333-8FDC-42A3-9474-1A3956D46DE8}") = "Models", "Models", "{3E38A02D-90D3-4266-A026-9EF15F139DF9}"
EndProject
Project("{FAE04EC0-301F-11D3-BF4B-00C04F79EFBC}") = "BinaryState", "tests\unit\Core\Models\BinaryState\BinaryState.csproj", "{166FE07E-58EE-446F-98FB-59E75BC79B5A}"
EndProject
Project("{FAE04EC0-301F-11D3-BF4B-00C04F79EFBC}") = "BinaryStateSetter", "tests\unit\Core\BinaryStateSetter\BinaryStateSetter.csproj", "{AF7BCAED-913A-4760-962E-D866A43285DA}"
EndProject
Project("{FAE04EC0-301F-11D3-BF4B-00C04F79EFBC}") = "BinaryStateSetterProvider", "tests\unit\Core\BinaryStateSetterProvider\BinaryStateSetterProvider.csproj", "{5E210208-3F2D-4CC9-B2CB-34D45CFCEDC7}"
EndProject
Project("{FAE04EC0-301F-11D3-BF4B-00C04F79EFBC}") = "BinaryStateResetter", "tests\unit\Core\BinaryStateResetter\BinaryStateResetter.csproj", "{9FCEFEC8-08F2-4E9C-AEF4-82C4A19A83F6}"
EndProject
Project("{FAE04EC0-301F-11D3-BF4B-00C04F79EFBC}") = "BinaryStateResetterProvider", "tests\unit\Core\BinaryStateResetterProvider\BinaryStateResetterProvider.csproj", "{3B2F63F8-5F89-43E5-A30F-BABDC80B5E17}"
EndProject
Project("{FAE04EC0-301F-11D3-BF4B-00C04F79EFBC}") = "BinaryStateReader", "tests\unit\Core\BinaryStateReader\BinaryStateReader.csproj", "{6F267832-BF80-4639-85D7-287E3DD521A7}"
EndProject
Project("{FAE04EC0-301F-11D3-BF4B-00C04F79EFBC}") = "BinaryStateReaderProvider", "tests\unit\Core\BinaryStateReaderProvider\BinaryStateReaderProvider.csproj", "{1BCFD83B-E528-402B-923A-85E5FCE405DA}"
EndProject
Project("{FAE04EC0-301F-11D3-BF4B-00C04F79EFBC}") = "BinaryStateProvider", "tests\unit\Core\BinaryStateProvider\BinaryStateProvider.csproj", "{47460DA2-79FB-4EBD-9169-43384C9C4C88}"
EndProject
Global
	GlobalSection(SolutionConfigurationPlatforms) = preSolution
		Debug|Any CPU = Debug|Any CPU
		Release|Any CPU = Release|Any CPU
	EndGlobalSection
	GlobalSection(ProjectConfigurationPlatforms) = postSolution
		{FEB81F3A-21C1-4891-9045-8B660A04D95B}.Debug|Any CPU.ActiveCfg = Debug|Any CPU
		{FEB81F3A-21C1-4891-9045-8B660A04D95B}.Debug|Any CPU.Build.0 = Debug|Any CPU
		{FEB81F3A-21C1-4891-9045-8B660A04D95B}.Release|Any CPU.ActiveCfg = Release|Any CPU
		{FEB81F3A-21C1-4891-9045-8B660A04D95B}.Release|Any CPU.Build.0 = Release|Any CPU
		{F164F573-B4A7-4C1A-AAC6-69255A721407}.Debug|Any CPU.ActiveCfg = Debug|Any CPU
		{F164F573-B4A7-4C1A-AAC6-69255A721407}.Debug|Any CPU.Build.0 = Debug|Any CPU
		{F164F573-B4A7-4C1A-AAC6-69255A721407}.Release|Any CPU.ActiveCfg = Release|Any CPU
		{F164F573-B4A7-4C1A-AAC6-69255A721407}.Release|Any CPU.Build.0 = Release|Any CPU
		{92BC4BF6-552A-4D33-8506-3EF0C3E78BDE}.Debug|Any CPU.ActiveCfg = Debug|Any CPU
		{92BC4BF6-552A-4D33-8506-3EF0C3E78BDE}.Debug|Any CPU.Build.0 = Debug|Any CPU
		{92BC4BF6-552A-4D33-8506-3EF0C3E78BDE}.Release|Any CPU.ActiveCfg = Release|Any CPU
		{92BC4BF6-552A-4D33-8506-3EF0C3E78BDE}.Release|Any CPU.Build.0 = Release|Any CPU
		{166FE07E-58EE-446F-98FB-59E75BC79B5A}.Debug|Any CPU.ActiveCfg = Debug|Any CPU
		{166FE07E-58EE-446F-98FB-59E75BC79B5A}.Debug|Any CPU.Build.0 = Debug|Any CPU
		{166FE07E-58EE-446F-98FB-59E75BC79B5A}.Release|Any CPU.ActiveCfg = Release|Any CPU
		{166FE07E-58EE-446F-98FB-59E75BC79B5A}.Release|Any CPU.Build.0 = Release|Any CPU
		{AF7BCAED-913A-4760-962E-D866A43285DA}.Debug|Any CPU.ActiveCfg = Debug|Any CPU
		{AF7BCAED-913A-4760-962E-D866A43285DA}.Debug|Any CPU.Build.0 = Debug|Any CPU
		{AF7BCAED-913A-4760-962E-D866A43285DA}.Release|Any CPU.ActiveCfg = Release|Any CPU
		{AF7BCAED-913A-4760-962E-D866A43285DA}.Release|Any CPU.Build.0 = Release|Any CPU
		{5E210208-3F2D-4CC9-B2CB-34D45CFCEDC7}.Debug|Any CPU.ActiveCfg = Debug|Any CPU
		{5E210208-3F2D-4CC9-B2CB-34D45CFCEDC7}.Debug|Any CPU.Build.0 = Debug|Any CPU
		{5E210208-3F2D-4CC9-B2CB-34D45CFCEDC7}.Release|Any CPU.ActiveCfg = Release|Any CPU
		{5E210208-3F2D-4CC9-B2CB-34D45CFCEDC7}.Release|Any CPU.Build.0 = Release|Any CPU
		{9FCEFEC8-08F2-4E9C-AEF4-82C4A19A83F6}.Debug|Any CPU.ActiveCfg = Debug|Any CPU
		{9FCEFEC8-08F2-4E9C-AEF4-82C4A19A83F6}.Debug|Any CPU.Build.0 = Debug|Any CPU
		{9FCEFEC8-08F2-4E9C-AEF4-82C4A19A83F6}.Release|Any CPU.ActiveCfg = Release|Any CPU
		{9FCEFEC8-08F2-4E9C-AEF4-82C4A19A83F6}.Release|Any CPU.Build.0 = Release|Any CPU
		{3B2F63F8-5F89-43E5-A30F-BABDC80B5E17}.Debug|Any CPU.ActiveCfg = Debug|Any CPU
		{3B2F63F8-5F89-43E5-A30F-BABDC80B5E17}.Debug|Any CPU.Build.0 = Debug|Any CPU
		{3B2F63F8-5F89-43E5-A30F-BABDC80B5E17}.Release|Any CPU.ActiveCfg = Release|Any CPU
		{3B2F63F8-5F89-43E5-A30F-BABDC80B5E17}.Release|Any CPU.Build.0 = Release|Any CPU
		{6F267832-BF80-4639-85D7-287E3DD521A7}.Debug|Any CPU.ActiveCfg = Debug|Any CPU
		{6F267832-BF80-4639-85D7-287E3DD521A7}.Debug|Any CPU.Build.0 = Debug|Any CPU
		{6F267832-BF80-4639-85D7-287E3DD521A7}.Release|Any CPU.ActiveCfg = Release|Any CPU
		{6F267832-BF80-4639-85D7-287E3DD521A7}.Release|Any CPU.Build.0 = Release|Any CPU
		{1BCFD83B-E528-402B-923A-85E5FCE405DA}.Debug|Any CPU.ActiveCfg = Debug|Any CPU
		{1BCFD83B-E528-402B-923A-85E5FCE405DA}.Debug|Any CPU.Build.0 = Debug|Any CPU
		{1BCFD83B-E528-402B-923A-85E5FCE405DA}.Release|Any CPU.ActiveCfg = Release|Any CPU
		{1BCFD83B-E528-402B-923A-85E5FCE405DA}.Release|Any CPU.Build.0 = Release|Any CPU
		{47460DA2-79FB-4EBD-9169-43384C9C4C88}.Debug|Any CPU.ActiveCfg = Debug|Any CPU
		{47460DA2-79FB-4EBD-9169-43384C9C4C88}.Debug|Any CPU.Build.0 = Debug|Any CPU
		{47460DA2-79FB-4EBD-9169-43384C9C4C88}.Release|Any CPU.ActiveCfg = Release|Any CPU
		{47460DA2-79FB-4EBD-9169-43384C9C4C88}.Release|Any CPU.Build.0 = Release|Any CPU
	EndGlobalSection
	GlobalSection(SolutionProperties) = preSolution
		HideSolutionNode = FALSE
	EndGlobalSection
	GlobalSection(ExtensibilityGlobals) = postSolution
		SolutionGuid = {A8BF900F-8E8F-47C1-A16F-1AE237548BDF}
	EndGlobalSection
	GlobalSection(NestedProjects) = preSolution
		{FEB81F3A-21C1-4891-9045-8B660A04D95B} = {7D218376-632D-4F81-AAB9-EFA3FFB2421C}
		{F164F573-B4A7-4C1A-AAC6-69255A721407} = {7D218376-632D-4F81-AAB9-EFA3FFB2421C}
		{92BC4BF6-552A-4D33-8506-3EF0C3E78BDE} = {7D218376-632D-4F81-AAB9-EFA3FFB2421C}
		{B5FE3571-61C5-4F2B-9515-710427F11D71} = {90B8FAC6-0208-485A-8855-9CCDCE9E9910}
		{C4E09AB4-D69F-4C54-AF24-A8065A00E508} = {B5FE3571-61C5-4F2B-9515-710427F11D71}
		{3E38A02D-90D3-4266-A026-9EF15F139DF9} = {C4E09AB4-D69F-4C54-AF24-A8065A00E508}
		{166FE07E-58EE-446F-98FB-59E75BC79B5A} = {3E38A02D-90D3-4266-A026-9EF15F139DF9}
		{AF7BCAED-913A-4760-962E-D866A43285DA} = {C4E09AB4-D69F-4C54-AF24-A8065A00E508}
		{5E210208-3F2D-4CC9-B2CB-34D45CFCEDC7} = {C4E09AB4-D69F-4C54-AF24-A8065A00E508}
		{9FCEFEC8-08F2-4E9C-AEF4-82C4A19A83F6} = {C4E09AB4-D69F-4C54-AF24-A8065A00E508}
		{3B2F63F8-5F89-43E5-A30F-BABDC80B5E17} = {C4E09AB4-D69F-4C54-AF24-A8065A00E508}
		{6F267832-BF80-4639-85D7-287E3DD521A7} = {C4E09AB4-D69F-4C54-AF24-A8065A00E508}
		{1BCFD83B-E528-402B-923A-85E5FCE405DA} = {C4E09AB4-D69F-4C54-AF24-A8065A00E508}
		{47460DA2-79FB-4EBD-9169-43384C9C4C88} = {C4E09AB4-D69F-4C54-AF24-A8065A00E508}
	EndGlobalSection
EndGlobal
